
Microsoft Visual Studio Solution File, Format Version 12.00
# Visual Studio Version 17
VisualStudioVersion = 17.0.32014.148
MinimumVisualStudioVersion = 10.0.40219.1
Project("{9A19103F-16F7-4668-BE54-9A1E7A4F7556}") = "Lesson_6", "Lesson_6.csproj", "{4E4180E6-BE2F-4B81-8899-BC8E3F9AC232}"
	ProjectSection(ProjectDependencies) = postProject
		{1A775C3A-A070-4161-A6DA-8ED8BE00A48A} = {1A775C3A-A070-4161-A6DA-8ED8BE00A48A}
	EndProjectSection
EndProject
Project("{9A19103F-16F7-4668-BE54-9A1E7A4F7556}") = "Converter", "..\Converter\Converter.csproj", "{1A775C3A-A070-4161-A6DA-8ED8BE00A48A}"
EndProject
Global
	GlobalSection(SolutionConfigurationPlatforms) = preSolution
		Debug|Any CPU = Debug|Any CPU
		Release|Any CPU = Release|Any CPU
	EndGlobalSection
	GlobalSection(ProjectConfigurationPlatforms) = postSolution
		{4E4180E6-BE2F-4B81-8899-BC8E3F9AC232}.Debug|Any CPU.ActiveCfg = Debug|Any CPU
		{4E4180E6-BE2F-4B81-8899-BC8E3F9AC232}.Debug|Any CPU.Build.0 = Debug|Any CPU
		{4E4180E6-BE2F-4B81-8899-BC8E3F9AC232}.Release|Any CPU.ActiveCfg = Release|Any CPU
		{4E4180E6-BE2F-4B81-8899-BC8E3F9AC232}.Release|Any CPU.Build.0 = Release|Any CPU
		{1A775C3A-A070-4161-A6DA-8ED8BE00A48A}.Debug|Any CPU.ActiveCfg = Debug|Any CPU
		{1A775C3A-A070-4161-A6DA-8ED8BE00A48A}.Debug|Any CPU.Build.0 = Debug|Any CPU
		{1A775C3A-A070-4161-A6DA-8ED8BE00A48A}.Release|Any CPU.ActiveCfg = Release|Any CPU
		{1A775C3A-A070-4161-A6DA-8ED8BE00A48A}.Release|Any CPU.Build.0 = Release|Any CPU
	EndGlobalSection
	GlobalSection(SolutionProperties) = preSolution
		HideSolutionNode = FALSE
	EndGlobalSection
	GlobalSection(ExtensibilityGlobals) = postSolution
		SolutionGuid = {E2CC21AA-0CE2-46D0-9992-15BD8C0E335A}
	EndGlobalSection
EndGlobal
