
Microsoft Visual Studio Solution File, Format Version 12.00
# Visual Studio Version 17
VisualStudioVersion = 17.0.31903.59
MinimumVisualStudioVersion = 10.0.40219.1
Project("{9A19103F-16F7-4668-BE54-9A1E7A4F7556}") = "FileManager", "FileManager.csproj", "{B4B4F63A-378A-4A58-9AD6-C24A6C71D387}"
EndProject
Global
	GlobalSection(SolutionConfigurationPlatforms) = preSolution
		Debug|Any CPU = Debug|Any CPU
		Release|Any CPU = Release|Any CPU
	EndGlobalSection
	GlobalSection(ProjectConfigurationPlatforms) = postSolution
		{B4B4F63A-378A-4A58-9AD6-C24A6C71D387}.Debug|Any CPU.ActiveCfg = Debug|Any CPU
		{B4B4F63A-378A-4A58-9AD6-C24A6C71D387}.Debug|Any CPU.Build.0 = Debug|Any CPU
		{B4B4F63A-378A-4A58-9AD6-C24A6C71D387}.Release|Any CPU.ActiveCfg = Release|Any CPU
		{B4B4F63A-378A-4A58-9AD6-C24A6C71D387}.Release|Any CPU.Build.0 = Release|Any CPU
	EndGlobalSection
	GlobalSection(SolutionProperties) = preSolution
		HideSolutionNode = FALSE
	EndGlobalSection
	GlobalSection(ExtensibilityGlobals) = postSolution
		SolutionGuid = {6F5CBC4C-C3A3-4898-9F4D-407AF49BC898}
	EndGlobalSection
EndGlobal
