
Microsoft Visual Studio Solution File, Format Version 12.00
# Visual Studio Version 17
VisualStudioVersion = 17.0.31903.59
MinimumVisualStudioVersion = 10.0.40219.1
Project("{FAE04EC0-301F-11D3-BF4B-00C04F79EFBC}") = "Lesson_2", "Lesson_2.csproj", "{D49291F9-C0B7-498E-8F97-8173B665C389}"
EndProject
Global
	GlobalSection(SolutionConfigurationPlatforms) = preSolution
		Debug|Any CPU = Debug|Any CPU
		Release|Any CPU = Release|Any CPU
	EndGlobalSection
	GlobalSection(ProjectConfigurationPlatforms) = postSolution
		{D49291F9-C0B7-498E-8F97-8173B665C389}.Debug|Any CPU.ActiveCfg = Debug|Any CPU
		{D49291F9-C0B7-498E-8F97-8173B665C389}.Debug|Any CPU.Build.0 = Debug|Any CPU
		{D49291F9-C0B7-498E-8F97-8173B665C389}.Release|Any CPU.ActiveCfg = Release|Any CPU
		{D49291F9-C0B7-498E-8F97-8173B665C389}.Release|Any CPU.Build.0 = Release|Any CPU
	EndGlobalSection
	GlobalSection(SolutionProperties) = preSolution
		HideSolutionNode = FALSE
	EndGlobalSection
	GlobalSection(ExtensibilityGlobals) = postSolution
		SolutionGuid = {AD03E365-A2F3-4954-A865-85A7AA76202F}
	EndGlobalSection
EndGlobal
